
Microsoft Visual Studio Solution File, Format Version 11.00
# Visual Studio 2010
Project("{FAE04EC0-301F-11D3-BF4B-00C04F79EFBC}") = "UniTask.Linq", "UniTask.Linq.csproj", "{8f5d37cc-eca1-b1a0-1826-fdeac421668a}"
EndProject
Project("{FAE04EC0-301F-11D3-BF4B-00C04F79EFBC}") = "UniTask", "UniTask.csproj", "{325e432f-cdcb-480d-020a-510023cc37f3}"
EndProject
Project("{FAE04EC0-301F-11D3-BF4B-00C04F79EFBC}") = "UniTask.Addressables", "UniTask.Addressables.csproj", "{c26eb88d-9437-25bd-6187-f1baa01feec2}"
EndProject
Project("{FAE04EC0-301F-11D3-BF4B-00C04F79EFBC}") = "UniTask.TextMeshPro", "UniTask.TextMeshPro.csproj", "{79d784e0-4006-a6c7-79c4-3d5a3ba8303e}"
EndProject
Project("{FAE04EC0-301F-11D3-BF4B-00C04F79EFBC}") = "UniTask.DOTween", "UniTask.DOTween.csproj", "{65d9a362-152c-382c-e30a-dc4a947cf045}"
EndProject
Project("{FAE04EC0-301F-11D3-BF4B-00C04F79EFBC}") = "Assembly-CSharp", "Assembly-CSharp.csproj", "{f21ca15c-3be6-be9e-c711-876c29aa3765}"
EndProject
Project("{FAE04EC0-301F-11D3-BF4B-00C04F79EFBC}") = "UniTask.Editor", "UniTask.Editor.csproj", "{2d607078-6bc1-9ca0-a6fe-e70b7950ee5c}"
EndProject
Project("{FAE04EC0-301F-11D3-BF4B-00C04F79EFBC}") = "Assembly-CSharp-firstpass", "Assembly-CSharp-firstpass.csproj", "{463f9ba6-08d7-6a1d-9e9b-628abfd70996}"
EndProject
Global
	GlobalSection(SolutionConfigurationPlatforms) = preSolution
		Debug|Any CPU = Debug|Any CPU
	EndGlobalSection
	GlobalSection(ProjectConfigurationPlatforms) = postSolution
		{8f5d37cc-eca1-b1a0-1826-fdeac421668a}.Debug|Any CPU.ActiveCfg = Debug|Any CPU
		{8f5d37cc-eca1-b1a0-1826-fdeac421668a}.Debug|Any CPU.Build.0 = Debug|Any CPU
		{325e432f-cdcb-480d-020a-510023cc37f3}.Debug|Any CPU.ActiveCfg = Debug|Any CPU
		{325e432f-cdcb-480d-020a-510023cc37f3}.Debug|Any CPU.Build.0 = Debug|Any CPU
		{c26eb88d-9437-25bd-6187-f1baa01feec2}.Debug|Any CPU.ActiveCfg = Debug|Any CPU
		{c26eb88d-9437-25bd-6187-f1baa01feec2}.Debug|Any CPU.Build.0 = Debug|Any CPU
		{79d784e0-4006-a6c7-79c4-3d5a3ba8303e}.Debug|Any CPU.ActiveCfg = Debug|Any CPU
		{79d784e0-4006-a6c7-79c4-3d5a3ba8303e}.Debug|Any CPU.Build.0 = Debug|Any CPU
		{65d9a362-152c-382c-e30a-dc4a947cf045}.Debug|Any CPU.ActiveCfg = Debug|Any CPU
		{65d9a362-152c-382c-e30a-dc4a947cf045}.Debug|Any CPU.Build.0 = Debug|Any CPU
		{f21ca15c-3be6-be9e-c711-876c29aa3765}.Debug|Any CPU.ActiveCfg = Debug|Any CPU
		{f21ca15c-3be6-be9e-c711-876c29aa3765}.Debug|Any CPU.Build.0 = Debug|Any CPU
		{2d607078-6bc1-9ca0-a6fe-e70b7950ee5c}.Debug|Any CPU.ActiveCfg = Debug|Any CPU
		{2d607078-6bc1-9ca0-a6fe-e70b7950ee5c}.Debug|Any CPU.Build.0 = Debug|Any CPU
		{463f9ba6-08d7-6a1d-9e9b-628abfd70996}.Debug|Any CPU.ActiveCfg = Debug|Any CPU
		{463f9ba6-08d7-6a1d-9e9b-628abfd70996}.Debug|Any CPU.Build.0 = Debug|Any CPU
	EndGlobalSection
	GlobalSection(SolutionProperties) = preSolution
		HideSolutionNode = FALSE
	EndGlobalSection
EndGlobal
